
Microsoft Visual Studio Solution File, Format Version 12.00
# Visual Studio Version 17
VisualStudioVersion = 17.10.35013.160
MinimumVisualStudioVersion = 10.0.40219.1
Project("{9A19103F-16F7-4668-BE54-9A1E7A4F7556}") = "MoodMediaApp", "MoodMediaApp\MoodMediaApp.csproj", "{7CE367BA-4261-4C16-BD09-4679D9F936FC}"
EndProject
Project("{00D1A9C2-B5F0-4AF3-8072-F6C62B433612}") = "Database", "Database\Database.sqlproj", "{671296F2-499C-4D37-BC05-406A8A4E8D1A}"
EndProject
Project("{FAE04EC0-301F-11D3-BF4B-00C04F79EFBC}") = "MoodMediaAppTests", "MoodMediaAppTests\MoodMediaAppTests.csproj", "{A24DA90D-831B-47A6-8853-9CDAB41721A7}"
EndProject
Global
	GlobalSection(SolutionConfigurationPlatforms) = preSolution
		Debug|Any CPU = Debug|Any CPU
		Release|Any CPU = Release|Any CPU
	EndGlobalSection
	GlobalSection(ProjectConfigurationPlatforms) = postSolution
		{7CE367BA-4261-4C16-BD09-4679D9F936FC}.Debug|Any CPU.ActiveCfg = Debug|Any CPU
		{7CE367BA-4261-4C16-BD09-4679D9F936FC}.Debug|Any CPU.Build.0 = Debug|Any CPU
		{7CE367BA-4261-4C16-BD09-4679D9F936FC}.Release|Any CPU.ActiveCfg = Release|Any CPU
		{7CE367BA-4261-4C16-BD09-4679D9F936FC}.Release|Any CPU.Build.0 = Release|Any CPU
		{671296F2-499C-4D37-BC05-406A8A4E8D1A}.Debug|Any CPU.ActiveCfg = Debug|Any CPU
		{671296F2-499C-4D37-BC05-406A8A4E8D1A}.Debug|Any CPU.Build.0 = Debug|Any CPU
		{671296F2-499C-4D37-BC05-406A8A4E8D1A}.Debug|Any CPU.Deploy.0 = Debug|Any CPU
		{671296F2-499C-4D37-BC05-406A8A4E8D1A}.Release|Any CPU.ActiveCfg = Release|Any CPU
		{671296F2-499C-4D37-BC05-406A8A4E8D1A}.Release|Any CPU.Build.0 = Release|Any CPU
		{671296F2-499C-4D37-BC05-406A8A4E8D1A}.Release|Any CPU.Deploy.0 = Release|Any CPU
		{A24DA90D-831B-47A6-8853-9CDAB41721A7}.Debug|Any CPU.ActiveCfg = Debug|Any CPU
		{A24DA90D-831B-47A6-8853-9CDAB41721A7}.Debug|Any CPU.Build.0 = Debug|Any CPU
		{A24DA90D-831B-47A6-8853-9CDAB41721A7}.Release|Any CPU.ActiveCfg = Release|Any CPU
		{A24DA90D-831B-47A6-8853-9CDAB41721A7}.Release|Any CPU.Build.0 = Release|Any CPU
	EndGlobalSection
	GlobalSection(SolutionProperties) = preSolution
		HideSolutionNode = FALSE
	EndGlobalSection
	GlobalSection(ExtensibilityGlobals) = postSolution
		SolutionGuid = {7677259C-0EAA-4F02-A830-5246334FA5C4}
	EndGlobalSection
EndGlobal
